
Microsoft Visual Studio Solution File, Format Version 11.00
# Visual Studio 2010
Project("{FAE04EC0-301F-11D3-BF4B-00C04F79EFBC}") = "Decompiler", "Decompiler\Decompiler.csproj", "{C4A6BDC2-1288-4DF0-B2CF-340102819331}"
EndProject
Project("{FAE04EC0-301F-11D3-BF4B-00C04F79EFBC}") = "TestLib", "TestLib\TestLib.csproj", "{A77C403A-2565-42D3-BB9C-D3E45C4015EB}"
EndProject
Global
	GlobalSection(SolutionConfigurationPlatforms) = preSolution
		Debug|x86 = Debug|x86
		Release|x86 = Release|x86
	EndGlobalSection
	GlobalSection(ProjectConfigurationPlatforms) = postSolution
		{A77C403A-2565-42D3-BB9C-D3E45C4015EB}.Debug|x86.ActiveCfg = Debug|Any CPU
		{A77C403A-2565-42D3-BB9C-D3E45C4015EB}.Debug|x86.Build.0 = Debug|Any CPU
		{A77C403A-2565-42D3-BB9C-D3E45C4015EB}.Release|x86.ActiveCfg = Release|Any CPU
		{A77C403A-2565-42D3-BB9C-D3E45C4015EB}.Release|x86.Build.0 = Release|Any CPU
		{C4A6BDC2-1288-4DF0-B2CF-340102819331}.Debug|x86.ActiveCfg = Debug|x86
		{C4A6BDC2-1288-4DF0-B2CF-340102819331}.Debug|x86.Build.0 = Debug|x86
		{C4A6BDC2-1288-4DF0-B2CF-340102819331}.Release|x86.ActiveCfg = Release|x86
		{C4A6BDC2-1288-4DF0-B2CF-340102819331}.Release|x86.Build.0 = Release|x86
	EndGlobalSection
	GlobalSection(MonoDevelopProperties) = preSolution
		StartupItem = Decompiler\Decompiler.csproj
	EndGlobalSection
EndGlobal
